<?xml version="1.0" encoding="utf-8"?>
<Project ToolsVersion="4.0" xmlns="http://schemas.microsoft.com/developer/msbuild/2003">
  <ItemGroup>
    <Filter Include="Source Files">
      <UniqueIdentifier>{4FC737F1-C7A5-4376-A066-2A32D752A2FF}</UniqueIdentifier>
      <Extensions>cpp;c;cc;cxx;c++;cppm;ixx;def;odl;idl;hpj;bat;asm;asmx</Extensions>
    </Filter>
    <Filter Include="Header Files">
      <UniqueIdentifier>{93995380-89BD-4b04-88EB-625FBE52EBFB}</UniqueIdentifier>
      <Extensions>h;hh;hpp;hxx;h++;hm;inl;inc;ipp;xsd</Extensions>
    </Filter>
    <Filter Include="Resource Files">
      <UniqueIdentifier>{67DA6AB6-F800-4c08-8B7A-83BB121AAD01}</UniqueIdentifier>
      <Extensions>rc;ico;cur;bmp;dlg;rc2;rct;bin;rgs;gif;jpg;jpeg;jpe;resx;tiff;tif;png;wav;mfcribbon-ms</Extensions>
    </Filter>
    <Filter Include="Header Files\Scenes">
      <UniqueIdentifier>{73b684ca-c926-4f27-b8a8-f1d2c137be1d}</UniqueIdentifier>
    </Filter>
    <Filter Include="Source Files\Scenes">
      <UniqueIdentifier>{1f7f8514-e419-4bbe-9143-86fc12413adf}</UniqueIdentifier>
    </Filter>
    <Filter Include="Source Files\Scenes\Level 1">
      <UniqueIdentifier>{bcd16667-1089-490e-baa1-aaec9bf50cd8}</UniqueIdentifier>
    </Filter>
    <Filter Include="Source Files\Scenes\Level 2">
      <UniqueIdentifier>{559b549d-d13f-4912-affc-6c221916c5ae}</UniqueIdentifier>
    </Filter>
    <Filter Include="Header Files\Scenes\Level 1">
      <UniqueIdentifier>{d54735eb-5d43-4ad8-97f7-045aeb0fd7e5}</UniqueIdentifier>
    </Filter>
    <Filter Include="Header Files\Scenes\Level 2">
      <UniqueIdentifier>{540de084-3f46-4b83-8859-8c0f9e4ea8e6}</UniqueIdentifier>
    </Filter>
    <Filter Include="Header Files\Scenes\Level 3">
      <UniqueIdentifier>{a81c8535-3f22-4bb6-9d3c-db4b9828461b}</UniqueIdentifier>
    </Filter>
    <Filter Include="Source Files\Scenes\Level 3">
      <UniqueIdentifier>{784e25da-8e5f-4438-90a1-09afad79e738}</UniqueIdentifier>
    </Filter>
    <Filter Include="Header Files\Scenes\Level 4">
      <UniqueIdentifier>{5d4b1cfc-a140-4b76-b005-7d7b8b30b32b}</UniqueIdentifier>
    </Filter>
    <Filter Include="Source Files\Scenes\Level 4">
      <UniqueIdentifier>{2372c879-15d9-49a3-b937-c2c8a8d6d3f6}</UniqueIdentifier>
    </Filter>
  </ItemGroup>
  <ItemGroup>
    <ClCompile Include="Body.cpp">
      <Filter>Source Files</Filter>
    </ClCompile>
    <ClCompile Include="GameManager.cpp">
      <Filter>Source Files</Filter>
    </ClCompile>
    <ClCompile Include="Main.cpp">
      <Filter>Source Files</Filter>
    </ClCompile>
    <ClCompile Include="PlayerBody.cpp">
      <Filter>Source Files</Filter>
    </ClCompile>
    <ClCompile Include="Timer.cpp">
      <Filter>Source Files</Filter>
    </ClCompile>
    <ClCompile Include="Window.cpp">
      <Filter>Source Files</Filter>
    </ClCompile>
    <ClCompile Include="Build.cpp">
      <Filter>Source Files</Filter>
    </ClCompile>
    <ClCompile Include="Quest.cpp">
      <Filter>Source Files</Filter>
    </ClCompile>
    <ClCompile Include="JumpText.cpp">
      <Filter>Source Files</Filter>
    </ClCompile>
    <ClCompile Include="MovementText.cpp">
      <Filter>Source Files</Filter>
    </ClCompile>
    <ClCompile Include="CopyBaseScene.cpp">
      <Filter>Source Files</Filter>
    </ClCompile>
    <ClCompile Include="Scene1.cpp">
      <Filter>Source Files\Scenes\Level 1</Filter>
    </ClCompile>
    <ClCompile Include="SceneA2.cpp">
      <Filter>Source Files\Scenes\Level 1</Filter>
    </ClCompile>
    <ClCompile Include="SceneA3.cpp">
      <Filter>Source Files\Scenes\Level 1</Filter>
    </ClCompile>
    <ClCompile Include="SceneA4.cpp">
      <Filter>Source Files\Scenes\Level 1</Filter>
    </ClCompile>
    <ClCompile Include="SceneA5.cpp">
      <Filter>Source Files\Scenes\Level 1</Filter>
    </ClCompile>
    <ClCompile Include="SceneA6.cpp">
      <Filter>Source Files\Scenes\Level 1</Filter>
    </ClCompile>
    <ClCompile Include="SceneA7.cpp">
      <Filter>Source Files\Scenes\Level 1</Filter>
    </ClCompile>
    <ClCompile Include="SceneA8.cpp">
      <Filter>Source Files\Scenes\Level 1</Filter>
    </ClCompile>
    <ClCompile Include="SceneB1.cpp">
      <Filter>Source Files\Scenes\Level 2</Filter>
    </ClCompile>
    <ClCompile Include="SceneB2.cpp">
      <Filter>Source Files\Scenes\Level 2</Filter>
    </ClCompile>
    <ClCompile Include="SceneB3.cpp">
      <Filter>Source Files\Scenes\Level 2</Filter>
    </ClCompile>
    <ClCompile Include="SceneB4.cpp">
      <Filter>Source Files\Scenes\Level 2</Filter>
    </ClCompile>
    <ClCompile Include="SceneB5.cpp">
      <Filter>Source Files\Scenes\Level 2</Filter>
    </ClCompile>
    <ClCompile Include="SceneB6.cpp">
      <Filter>Source Files\Scenes\Level 2</Filter>
    </ClCompile>
    <ClCompile Include="SceneC1.cpp">
      <Filter>Source Files\Scenes\Level 3</Filter>
    </ClCompile>
    <ClCompile Include="SceneC2.cpp">
      <Filter>Source Files\Scenes\Level 3</Filter>
    </ClCompile>
    <ClCompile Include="SceneC3.cpp">
      <Filter>Source Files\Scenes\Level 3</Filter>
    </ClCompile>
    <ClCompile Include="SceneC4.cpp">
      <Filter>Source Files\Scenes\Level 3</Filter>
    </ClCompile>
    <ClCompile Include="SceneD2.cpp">
      <Filter>Source Files\Scenes\Level 4</Filter>
    </ClCompile>
    <ClCompile Include="SceneD1.cpp">
      <Filter>Source Files\Scenes\Level 4</Filter>
    </ClCompile>
    <ClCompile Include="SceneD3.cpp">
      <Filter>Source Files\Scenes\Level 4</Filter>
    </ClCompile>
    <ClCompile Include="SceneD4.cpp">
      <Filter>Source Files\Scenes\Level 4</Filter>
    </ClCompile>
    <ClCompile Include="SceneD5.cpp">
      <Filter>Source Files\Scenes\Level 4</Filter>
    </ClCompile>
    <ClCompile Include="SceneD6.cpp">
      <Filter>Source Files\Scenes\Level 4</Filter>
    </ClCompile>
    <ClCompile Include="TemperatureManager.cpp">
      <Filter>Source Files</Filter>
    </ClCompile>
  </ItemGroup>
  <ItemGroup>
    <ClInclude Include="Body.h">
      <Filter>Header Files</Filter>
    </ClInclude>
    <ClInclude Include="GameManager.h">
      <Filter>Header Files</Filter>
    </ClInclude>
    <ClInclude Include="PlayerBody.h">
      <Filter>Header Files</Filter>
    </ClInclude>
    <ClInclude Include="Scene.h">
      <Filter>Header Files</Filter>
    </ClInclude>
    <ClInclude Include="Timer.h">
      <Filter>Header Files</Filter>
    </ClInclude>
    <ClInclude Include="Window.h">
      <Filter>Header Files</Filter>
    </ClInclude>
    <ClInclude Include="Build.h">
      <Filter>Header Files</Filter>
    </ClInclude>
    <ClInclude Include="Quest.h">
      <Filter>Header Files</Filter>
    </ClInclude>
    <ClInclude Include="JumpText.h">
      <Filter>Header Files</Filter>
    </ClInclude>
    <ClInclude Include="MovementText.h">
      <Filter>Header Files</Filter>
    </ClInclude>
    <ClInclude Include="CopyBaseScene.h">
      <Filter>Header Files</Filter>
    </ClInclude>
    <ClInclude Include="DefineScenes.h">
      <Filter>Header Files</Filter>
    </ClInclude>
    <ClInclude Include="Scene1.h">
      <Filter>Header Files\Scenes\Level 1</Filter>
    </ClInclude>
    <ClInclude Include="SceneA2.h">
      <Filter>Header Files\Scenes\Level 1</Filter>
    </ClInclude>
    <ClInclude Include="SceneA3.h">
      <Filter>Header Files\Scenes\Level 1</Filter>
    </ClInclude>
    <ClInclude Include="SceneA4.h">
      <Filter>Header Files\Scenes\Level 1</Filter>
    </ClInclude>
    <ClInclude Include="SceneA5.h">
      <Filter>Header Files\Scenes\Level 1</Filter>
    </ClInclude>
    <ClInclude Include="SceneA6.h">
      <Filter>Header Files\Scenes\Level 1</Filter>
    </ClInclude>
    <ClInclude Include="SceneA7.h">
      <Filter>Header Files\Scenes\Level 1</Filter>
    </ClInclude>
    <ClInclude Include="SceneA8.h">
      <Filter>Header Files\Scenes\Level 1</Filter>
    </ClInclude>
    <ClInclude Include="SceneB1.h">
      <Filter>Header Files\Scenes\Level 2</Filter>
    </ClInclude>
    <ClInclude Include="SceneB2.h">
      <Filter>Header Files\Scenes\Level 2</Filter>
    </ClInclude>
    <ClInclude Include="SceneB3.h">
      <Filter>Header Files\Scenes\Level 2</Filter>
    </ClInclude>
    <ClInclude Include="SceneB4.h">
      <Filter>Header Files\Scenes\Level 2</Filter>
    </ClInclude>
    <ClInclude Include="SceneB5.h">
      <Filter>Header Files\Scenes\Level 2</Filter>
    </ClInclude>
    <ClInclude Include="SceneB6.h">
      <Filter>Header Files\Scenes\Level 2</Filter>
    </ClInclude>
    <ClInclude Include="SceneC1.h">
      <Filter>Header Files\Scenes\Level 3</Filter>
    </ClInclude>
    <ClInclude Include="SceneC2.h">
      <Filter>Header Files\Scenes\Level 3</Filter>
    </ClInclude>
    <ClInclude Include="SceneC3.h">
      <Filter>Header Files\Scenes\Level 3</Filter>
    </ClInclude>
    <ClInclude Include="SceneC4.h">
      <Filter>Header Files\Scenes\Level 3</Filter>
    </ClInclude>
    <ClInclude Include="SceneD1.h">
      <Filter>Header Files\Scenes\Level 4</Filter>
    </ClInclude>
    <ClInclude Include="SceneD2.h">
      <Filter>Header Files\Scenes\Level 4</Filter>
    </ClInclude>
    <ClInclude Include="SceneD3.h">
      <Filter>Header Files\Scenes\Level 4</Filter>
    </ClInclude>
    <ClInclude Include="SceneD4.h">
      <Filter>Header Files\Scenes\Level 4</Filter>
    </ClInclude>
    <ClInclude Include="SceneD5.h">
      <Filter>Header Files\Scenes\Level 4</Filter>
    </ClInclude>
    <ClInclude Include="SceneD6.h">
      <Filter>Header Files\Scenes\Level 4</Filter>
    </ClInclude>
    <ClInclude Include="TemperatureManager.h">
      <Filter>Header Files</Filter>
    </ClInclude>
  </ItemGroup>
</Project>